
Microsoft Visual Studio Solution File, Format Version 12.00
# Visual Studio Version 17
VisualStudioVersion = 17.0.31903.59
MinimumVisualStudioVersion = 10.0.40219.1
Project("{FAE04EC0-301F-11D3-BF4B-00C04F79EFBC}") = "SharedDomain", "SharedDomain\SharedDomain.csproj", "{1193B53A-CC7C-4738-8089-B14D56D46240}"
EndProject
Project("{FAE04EC0-301F-11D3-BF4B-00C04F79EFBC}") = "WebhookService", "WebhookService\WebhookService.csproj", "{722651E9-03F0-466D-93B1-251746CD3D1E}"
EndProject
Project("{FAE04EC0-301F-11D3-BF4B-00C04F79EFBC}") = "CoreService", "CoreService\CoreService.csproj", "{701502CD-8FCB-44A7-BA50-365591B185F0}"
EndProject
Global
	GlobalSection(SolutionConfigurationPlatforms) = preSolution
		Debug|Any CPU = Debug|Any CPU
		Debug|x64 = Debug|x64
		Debug|x86 = Debug|x86
		Release|Any CPU = Release|Any CPU
		Release|x64 = Release|x64
		Release|x86 = Release|x86
	EndGlobalSection
	GlobalSection(ProjectConfigurationPlatforms) = postSolution
		{1193B53A-CC7C-4738-8089-B14D56D46240}.Debug|Any CPU.ActiveCfg = Debug|Any CPU
		{1193B53A-CC7C-4738-8089-B14D56D46240}.Debug|Any CPU.Build.0 = Debug|Any CPU
		{1193B53A-CC7C-4738-8089-B14D56D46240}.Debug|x64.ActiveCfg = Debug|Any CPU
		{1193B53A-CC7C-4738-8089-B14D56D46240}.Debug|x64.Build.0 = Debug|Any CPU
		{1193B53A-CC7C-4738-8089-B14D56D46240}.Debug|x86.ActiveCfg = Debug|Any CPU
		{1193B53A-CC7C-4738-8089-B14D56D46240}.Debug|x86.Build.0 = Debug|Any CPU
		{1193B53A-CC7C-4738-8089-B14D56D46240}.Release|Any CPU.ActiveCfg = Release|Any CPU
		{1193B53A-CC7C-4738-8089-B14D56D46240}.Release|Any CPU.Build.0 = Release|Any CPU
		{1193B53A-CC7C-4738-8089-B14D56D46240}.Release|x64.ActiveCfg = Release|Any CPU
		{1193B53A-CC7C-4738-8089-B14D56D46240}.Release|x64.Build.0 = Release|Any CPU
		{1193B53A-CC7C-4738-8089-B14D56D46240}.Release|x86.ActiveCfg = Release|Any CPU
		{1193B53A-CC7C-4738-8089-B14D56D46240}.Release|x86.Build.0 = Release|Any CPU
		{722651E9-03F0-466D-93B1-251746CD3D1E}.Debug|Any CPU.ActiveCfg = Debug|Any CPU
		{722651E9-03F0-466D-93B1-251746CD3D1E}.Debug|Any CPU.Build.0 = Debug|Any CPU
		{722651E9-03F0-466D-93B1-251746CD3D1E}.Debug|x64.ActiveCfg = Debug|Any CPU
		{722651E9-03F0-466D-93B1-251746CD3D1E}.Debug|x64.Build.0 = Debug|Any CPU
		{722651E9-03F0-466D-93B1-251746CD3D1E}.Debug|x86.ActiveCfg = Debug|Any CPU
		{722651E9-03F0-466D-93B1-251746CD3D1E}.Debug|x86.Build.0 = Debug|Any CPU
		{722651E9-03F0-466D-93B1-251746CD3D1E}.Release|Any CPU.ActiveCfg = Release|Any CPU
		{722651E9-03F0-466D-93B1-251746CD3D1E}.Release|Any CPU.Build.0 = Release|Any CPU
		{722651E9-03F0-466D-93B1-251746CD3D1E}.Release|x64.ActiveCfg = Release|Any CPU
		{722651E9-03F0-466D-93B1-251746CD3D1E}.Release|x64.Build.0 = Release|Any CPU
		{722651E9-03F0-466D-93B1-251746CD3D1E}.Release|x86.ActiveCfg = Release|Any CPU
		{722651E9-03F0-466D-93B1-251746CD3D1E}.Release|x86.Build.0 = Release|Any CPU
		{701502CD-8FCB-44A7-BA50-365591B185F0}.Debug|Any CPU.ActiveCfg = Debug|Any CPU
		{701502CD-8FCB-44A7-BA50-365591B185F0}.Debug|Any CPU.Build.0 = Debug|Any CPU
		{701502CD-8FCB-44A7-BA50-365591B185F0}.Debug|x64.ActiveCfg = Debug|Any CPU
		{701502CD-8FCB-44A7-BA50-365591B185F0}.Debug|x64.Build.0 = Debug|Any CPU
		{701502CD-8FCB-44A7-BA50-365591B185F0}.Debug|x86.ActiveCfg = Debug|Any CPU
		{701502CD-8FCB-44A7-BA50-365591B185F0}.Debug|x86.Build.0 = Debug|Any CPU
		{701502CD-8FCB-44A7-BA50-365591B185F0}.Release|Any CPU.ActiveCfg = Release|Any CPU
		{701502CD-8FCB-44A7-BA50-365591B185F0}.Release|Any CPU.Build.0 = Release|Any CPU
		{701502CD-8FCB-44A7-BA50-365591B185F0}.Release|x64.ActiveCfg = Release|Any CPU
		{701502CD-8FCB-44A7-BA50-365591B185F0}.Release|x64.Build.0 = Release|Any CPU
		{701502CD-8FCB-44A7-BA50-365591B185F0}.Release|x86.ActiveCfg = Release|Any CPU
		{701502CD-8FCB-44A7-BA50-365591B185F0}.Release|x86.Build.0 = Release|Any CPU
	EndGlobalSection
	GlobalSection(SolutionProperties) = preSolution
		HideSolutionNode = FALSE
	EndGlobalSection
EndGlobal
